
Microsoft Visual Studio Solution File, Format Version 12.00
# Visual Studio Version 17
VisualStudioVersion = 17.7.34031.279
MinimumVisualStudioVersion = 10.0.40219.1
Project("{FAE04EC0-301F-11D3-BF4B-00C04F79EFBC}") = "TriviaBiblicoUNAD.Server", "TriviaBiblicoUNAD\Server\TriviaBiblicoUNAD.Server.csproj", "{B0422CAA-3282-4223-8C66-E2495E62F7B8}"
EndProject
Project("{FAE04EC0-301F-11D3-BF4B-00C04F79EFBC}") = "TriviaBiblicoUNAD.Client", "TriviaBiblicoUNAD\Client\TriviaBiblicoUNAD.Client.csproj", "{1431783D-BF18-4DEF-919F-6781B4D552ED}"
EndProject
Project("{FAE04EC0-301F-11D3-BF4B-00C04F79EFBC}") = "TriviaBiblicoUNAD.Shared", "TriviaBiblicoUNAD\Shared\TriviaBiblicoUNAD.Shared.csproj", "{BADDD3D4-D18F-450B-A06B-8AF60F487C4B}"
EndProject
Global
	GlobalSection(SolutionConfigurationPlatforms) = preSolution
		Debug|Any CPU = Debug|Any CPU
		Release|Any CPU = Release|Any CPU
	EndGlobalSection
	GlobalSection(ProjectConfigurationPlatforms) = postSolution
		{B0422CAA-3282-4223-8C66-E2495E62F7B8}.Debug|Any CPU.ActiveCfg = Debug|Any CPU
		{B0422CAA-3282-4223-8C66-E2495E62F7B8}.Debug|Any CPU.Build.0 = Debug|Any CPU
		{B0422CAA-3282-4223-8C66-E2495E62F7B8}.Release|Any CPU.ActiveCfg = Release|Any CPU
		{B0422CAA-3282-4223-8C66-E2495E62F7B8}.Release|Any CPU.Build.0 = Release|Any CPU
		{1431783D-BF18-4DEF-919F-6781B4D552ED}.Debug|Any CPU.ActiveCfg = Debug|Any CPU
		{1431783D-BF18-4DEF-919F-6781B4D552ED}.Debug|Any CPU.Build.0 = Debug|Any CPU
		{1431783D-BF18-4DEF-919F-6781B4D552ED}.Release|Any CPU.ActiveCfg = Release|Any CPU
		{1431783D-BF18-4DEF-919F-6781B4D552ED}.Release|Any CPU.Build.0 = Release|Any CPU
		{BADDD3D4-D18F-450B-A06B-8AF60F487C4B}.Debug|Any CPU.ActiveCfg = Debug|Any CPU
		{BADDD3D4-D18F-450B-A06B-8AF60F487C4B}.Debug|Any CPU.Build.0 = Debug|Any CPU
		{BADDD3D4-D18F-450B-A06B-8AF60F487C4B}.Release|Any CPU.ActiveCfg = Release|Any CPU
		{BADDD3D4-D18F-450B-A06B-8AF60F487C4B}.Release|Any CPU.Build.0 = Release|Any CPU
	EndGlobalSection
	GlobalSection(SolutionProperties) = preSolution
		HideSolutionNode = FALSE
	EndGlobalSection
	GlobalSection(ExtensibilityGlobals) = postSolution
		SolutionGuid = {48F20944-9901-4867-AE13-297896FBBF5D}
	EndGlobalSection
EndGlobal
